// !$*UTF8*$!
{
	archiveVersion = 1;
	classes = {
	};
	objectVersion = 56;
	objects = {

/* Begin PBXBuildFile section */
		1F45C7D9290FC81100CC504A /* PaginatedViewHandler.swift in Sources */ = {isa = PBXBuildFile; fileRef = 1F45C7D8290FC81100CC504A /* PaginatedViewHandler.swift */; };
		1F45C7DB290FEE3900CC504A /* LoginViewModel.swift in Sources */ = {isa = PBXBuildFile; fileRef = 1F45C7DA290FEE3900CC504A /* LoginViewModel.swift */; };
		1F4BEAA0290FA3A700D2C7CA /* SwiftUIBaseApp.swift in Sources */ = {isa = PBXBuildFile; fileRef = 1F4BEA9F290FA3A700D2C7CA /* SwiftUIBaseApp.swift */; };
		1F4BEAA4290FA3A900D2C7CA /* Assets.xcassets in Resources */ = {isa = PBXBuildFile; fileRef = 1F4BEAA3290FA3A900D2C7CA /* Assets.xcassets */; };
		1F4BEAA7290FA3A900D2C7CA /* Preview Assets.xcassets in Resources */ = {isa = PBXBuildFile; fileRef = 1F4BEAA6290FA3A900D2C7CA /* Preview Assets.xcassets */; };
		1F4BEAAE290FA51300D2C7CA /* LoginView.swift in Sources */ = {isa = PBXBuildFile; fileRef = 1F4BEAAD290FA51300D2C7CA /* LoginView.swift */; };
		1F4BEAB0290FA52200D2C7CA /* HomeView.swift in Sources */ = {isa = PBXBuildFile; fileRef = 1F4BEAAF290FA52200D2C7CA /* HomeView.swift */; };
		1F4BEABB290FA63D00D2C7CA /* LoginManager.swift in Sources */ = {isa = PBXBuildFile; fileRef = 1F4BEABA290FA63D00D2C7CA /* LoginManager.swift */; };
		1F4BEABE290FA6EA00D2C7CA /* UserDefaultKeys.swift in Sources */ = {isa = PBXBuildFile; fileRef = 1F4BEABD290FA6EA00D2C7CA /* UserDefaultKeys.swift */; };
		1F4BEAC0290FA75500D2C7CA /* LocalStorage.swift in Sources */ = {isa = PBXBuildFile; fileRef = 1F4BEABF290FA75500D2C7CA /* LocalStorage.swift */; };
		1F4BEAC3290FA9D300D2C7CA /* TechjaysAPIHelper in Frameworks */ = {isa = PBXBuildFile; productRef = 1F4BEAC2290FA9D300D2C7CA /* TechjaysAPIHelper */; };
		1F4BEAC5290FACA500D2C7CA /* User.swift in Sources */ = {isa = PBXBuildFile; fileRef = 1F4BEAC4290FACA500D2C7CA /* User.swift */; };
		1F4BEAC7290FAD6600D2C7CA /* HomeViewModel.swift in Sources */ = {isa = PBXBuildFile; fileRef = 1F4BEAC6290FAD6600D2C7CA /* HomeViewModel.swift */; };
		1F4BEAC9290FADBE00D2C7CA /* HomeCellView.swift in Sources */ = {isa = PBXBuildFile; fileRef = 1F4BEAC8290FADBE00D2C7CA /* HomeCellView.swift */; };
/* End PBXBuildFile section */

/* Begin PBXFileReference section */
		1F45C7D8290FC81100CC504A /* PaginatedViewHandler.swift */ = {isa = PBXFileReference; lastKnownFileType = sourcecode.swift; path = PaginatedViewHandler.swift; sourceTree = "<group>"; };
		1F45C7DA290FEE3900CC504A /* LoginViewModel.swift */ = {isa = PBXFileReference; lastKnownFileType = sourcecode.swift; path = LoginViewModel.swift; sourceTree = "<group>"; };
		1F4BEA9C290FA3A700D2C7CA /* SwiftUIBase.app */ = {isa = PBXFileReference; explicitFileType = wrapper.application; includeInIndex = 0; path = SwiftUIBase.app; sourceTree = BUILT_PRODUCTS_DIR; };
		1F4BEA9F290FA3A700D2C7CA /* SwiftUIBaseApp.swift */ = {isa = PBXFileReference; lastKnownFileType = sourcecode.swift; path = SwiftUIBaseApp.swift; sourceTree = "<group>"; };
		1F4BEAA3290FA3A900D2C7CA /* Assets.xcassets */ = {isa = PBXFileReference; lastKnownFileType = folder.assetcatalog; path = Assets.xcassets; sourceTree = "<group>"; };
		1F4BEAA6290FA3A900D2C7CA /* Preview Assets.xcassets */ = {isa = PBXFileReference; lastKnownFileType = folder.assetcatalog; path = "Preview Assets.xcassets"; sourceTree = "<group>"; };
		1F4BEAAD290FA51300D2C7CA /* LoginView.swift */ = {isa = PBXFileReference; lastKnownFileType = sourcecode.swift; path = LoginView.swift; sourceTree = "<group>"; };
		1F4BEAAF290FA52200D2C7CA /* HomeView.swift */ = {isa = PBXFileReference; lastKnownFileType = sourcecode.swift; path = HomeView.swift; sourceTree = "<group>"; };
		1F4BEABA290FA63D00D2C7CA /* LoginManager.swift */ = {isa = PBXFileReference; lastKnownFileType = sourcecode.swift; path = LoginManager.swift; sourceTree = "<group>"; };
		1F4BEABD290FA6EA00D2C7CA /* UserDefaultKeys.swift */ = {isa = PBXFileReference; lastKnownFileType = sourcecode.swift; path = UserDefaultKeys.swift; sourceTree = "<group>"; };
		1F4BEABF290FA75500D2C7CA /* LocalStorage.swift */ = {isa = PBXFileReference; lastKnownFileType = sourcecode.swift; path = LocalStorage.swift; sourceTree = "<group>"; };
		1F4BEAC4290FACA500D2C7CA /* User.swift */ = {isa = PBXFileReference; lastKnownFileType = sourcecode.swift; path = User.swift; sourceTree = "<group>"; };
		1F4BEAC6290FAD6600D2C7CA /* HomeViewModel.swift */ = {isa = PBXFileReference; lastKnownFileType = sourcecode.swift; path = HomeViewModel.swift; sourceTree = "<group>"; };
		1F4BEAC8290FADBE00D2C7CA /* HomeCellView.swift */ = {isa = PBXFileReference; lastKnownFileType = sourcecode.swift; path = HomeCellView.swift; sourceTree = "<group>"; };
/* End PBXFileReference section */

/* Begin PBXFrameworksBuildPhase section */
		1F4BEA99290FA3A700D2C7CA /* Frameworks */ = {
			isa = PBXFrameworksBuildPhase;
			buildActionMask = 2147483647;
			files = (
				1F4BEAC3290FA9D300D2C7CA /* TechjaysAPIHelper in Frameworks */,
			);
			runOnlyForDeploymentPostprocessing = 0;
		};
/* End PBXFrameworksBuildPhase section */

/* Begin PBXGroup section */
		1F4BEA93290FA3A700D2C7CA = {
			isa = PBXGroup;
			children = (
				1F4BEA9E290FA3A700D2C7CA /* SwiftUIBase */,
				1F4BEA9D290FA3A700D2C7CA /* Products */,
			);
			sourceTree = "<group>";
		};
		1F4BEA9D290FA3A700D2C7CA /* Products */ = {
			isa = PBXGroup;
			children = (
				1F4BEA9C290FA3A700D2C7CA /* SwiftUIBase.app */,
			);
			name = Products;
			sourceTree = "<group>";
		};
		1F4BEA9E290FA3A700D2C7CA /* SwiftUIBase */ = {
			isa = PBXGroup;
			children = (
				1F4BEA9F290FA3A700D2C7CA /* SwiftUIBaseApp.swift */,
				1F4BEAA3290FA3A900D2C7CA /* Assets.xcassets */,
				1F4BEAA5290FA3A900D2C7CA /* Preview Content */,
				1F4BEABC290FA6D000D2C7CA /* Helpers */,
				1F4BEAB9290FA61C00D2C7CA /* Managers */,
				1F4BEAB1290FA58A00D2C7CA /* Login */,
				1F4BEAB2290FA59400D2C7CA /* Home */,
			);
			path = SwiftUIBase;
			sourceTree = "<group>";
		};
		1F4BEAA5290FA3A900D2C7CA /* Preview Content */ = {
			isa = PBXGroup;
			children = (
				1F4BEAA6290FA3A900D2C7CA /* Preview Assets.xcassets */,
			);
			path = "Preview Content";
			sourceTree = "<group>";
		};
		1F4BEAB1290FA58A00D2C7CA /* Login */ = {
			isa = PBXGroup;
			children = (
				1F4BEAB5290FA5B600D2C7CA /* Model */,
				1F4BEAB4290FA5AE00D2C7CA /* View Model */,
				1F4BEAB3290FA5A300D2C7CA /* View */,
			);
			path = Login;
			sourceTree = "<group>";
		};
		1F4BEAB2290FA59400D2C7CA /* Home */ = {
			isa = PBXGroup;
			children = (
				1F4BEAB6290FA5C000D2C7CA /* Model */,
				1F4BEAB7290FA5C700D2C7CA /* View Model */,
				1F4BEAB8290FA5D000D2C7CA /* View */,
			);
			path = Home;
			sourceTree = "<group>";
		};
		1F4BEAB3290FA5A300D2C7CA /* View */ = {
			isa = PBXGroup;
			children = (
				1F4BEAAD290FA51300D2C7CA /* LoginView.swift */,
			);
			path = View;
			sourceTree = "<group>";
		};
		1F4BEAB4290FA5AE00D2C7CA /* View Model */ = {
			isa = PBXGroup;
			children = (
				1F45C7DA290FEE3900CC504A /* LoginViewModel.swift */,
			);
			path = "View Model";
			sourceTree = "<group>";
		};
		1F4BEAB5290FA5B600D2C7CA /* Model */ = {
			isa = PBXGroup;
			children = (
			);
			path = Model;
			sourceTree = "<group>";
		};
		1F4BEAB6290FA5C000D2C7CA /* Model */ = {
			isa = PBXGroup;
			children = (
				1F4BEAC4290FACA500D2C7CA /* User.swift */,
			);
			path = Model;
			sourceTree = "<group>";
		};
		1F4BEAB7290FA5C700D2C7CA /* View Model */ = {
			isa = PBXGroup;
			children = (
				1F4BEAC6290FAD6600D2C7CA /* HomeViewModel.swift */,
				1F45C7D8290FC81100CC504A /* PaginatedViewHandler.swift */,
			);
			path = "View Model";
			sourceTree = "<group>";
		};
		1F4BEAB8290FA5D000D2C7CA /* View */ = {
			isa = PBXGroup;
			children = (
				1F4BEAAF290FA52200D2C7CA /* HomeView.swift */,
				1F4BEAC8290FADBE00D2C7CA /* HomeCellView.swift */,
			);
			path = View;
			sourceTree = "<group>";
		};
		1F4BEAB9290FA61C00D2C7CA /* Managers */ = {
			isa = PBXGroup;
			children = (
				1F4BEABA290FA63D00D2C7CA /* LoginManager.swift */,
			);
			path = Managers;
			sourceTree = "<group>";
		};
		1F4BEABC290FA6D000D2C7CA /* Helpers */ = {
			isa = PBXGroup;
			children = (
				1F4BEABD290FA6EA00D2C7CA /* UserDefaultKeys.swift */,
				1F4BEABF290FA75500D2C7CA /* LocalStorage.swift */,
			);
			path = Helpers;
			sourceTree = "<group>";
		};
/* End PBXGroup section */

/* Begin PBXNativeTarget section */
		1F4BEA9B290FA3A700D2C7CA /* SwiftUIBase */ = {
			isa = PBXNativeTarget;
			buildConfigurationList = 1F4BEAAA290FA3A900D2C7CA /* Build configuration list for PBXNativeTarget "SwiftUIBase" */;
			buildPhases = (
				1F4BEA98290FA3A700D2C7CA /* Sources */,
				1F4BEA99290FA3A700D2C7CA /* Frameworks */,
				1F4BEA9A290FA3A700D2C7CA /* Resources */,
			);
			buildRules = (
			);
			dependencies = (
			);
			name = SwiftUIBase;
			packageProductDependencies = (
				1F4BEAC2290FA9D300D2C7CA /* TechjaysAPIHelper */,
			);
			productName = SwiftUIBase;
			productReference = 1F4BEA9C290FA3A700D2C7CA /* SwiftUIBase.app */;
			productType = "com.apple.product-type.application";
		};
/* End PBXNativeTarget section */

/* Begin PBXProject section */
		1F4BEA94290FA3A700D2C7CA /* Project object */ = {
			isa = PBXProject;
			attributes = {
				BuildIndependentTargetsInParallel = 1;
				LastSwiftUpdateCheck = 1400;
				LastUpgradeCheck = 1400;
				TargetAttributes = {
					1F4BEA9B290FA3A700D2C7CA = {
						CreatedOnToolsVersion = 14.0.1;
					};
				};
			};
			buildConfigurationList = 1F4BEA97290FA3A700D2C7CA /* Build configuration list for PBXProject "SwiftUIBase" */;
			compatibilityVersion = "Xcode 14.0";
			developmentRegion = en;
			hasScannedForEncodings = 0;
			knownRegions = (
				en,
				Base,
			);
			mainGroup = 1F4BEA93290FA3A700D2C7CA;
			packageReferences = (
				1F4BEAC1290FA9D300D2C7CA /* XCRemoteSwiftPackageReference "APIHelper" */,
			);
			productRefGroup = 1F4BEA9D290FA3A700D2C7CA /* Products */;
			projectDirPath = "";
			projectRoot = "";
			targets = (
				1F4BEA9B290FA3A700D2C7CA /* SwiftUIBase */,
			);
		};
/* End PBXProject section */

/* Begin PBXResourcesBuildPhase section */
		1F4BEA9A290FA3A700D2C7CA /* Resources */ = {
			isa = PBXResourcesBuildPhase;
			buildActionMask = 2147483647;
			files = (
				1F4BEAA7290FA3A900D2C7CA /* Preview Assets.xcassets in Resources */,
				1F4BEAA4290FA3A900D2C7CA /* Assets.xcassets in Resources */,
			);
			runOnlyForDeploymentPostprocessing = 0;
		};
/* End PBXResourcesBuildPhase section */

/* Begin PBXSourcesBuildPhase section */
		1F4BEA98290FA3A700D2C7CA /* Sources */ = {
			isa = PBXSourcesBuildPhase;
			buildActionMask = 2147483647;
			files = (
				1F4BEAC9290FADBE00D2C7CA /* HomeCellView.swift in Sources */,
				1F4BEABE290FA6EA00D2C7CA /* UserDefaultKeys.swift in Sources */,
				1F45C7DB290FEE3900CC504A /* LoginViewModel.swift in Sources */,
				1F4BEAAE290FA51300D2C7CA /* LoginView.swift in Sources */,
				1F4BEAC5290FACA500D2C7CA /* User.swift in Sources */,
				1F4BEAC7290FAD6600D2C7CA /* HomeViewModel.swift in Sources */,
				1F45C7D9290FC81100CC504A /* PaginatedViewHandler.swift in Sources */,
				1F4BEABB290FA63D00D2C7CA /* LoginManager.swift in Sources */,
				1F4BEAC0290FA75500D2C7CA /* LocalStorage.swift in Sources */,
				1F4BEAB0290FA52200D2C7CA /* HomeView.swift in Sources */,
				1F4BEAA0290FA3A700D2C7CA /* SwiftUIBaseApp.swift in Sources */,
			);
			runOnlyForDeploymentPostprocessing = 0;
		};
/* End PBXSourcesBuildPhase section */

/* Begin XCBuildConfiguration section */
		1F4BEAA8290FA3A900D2C7CA /* Debug */ = {
			isa = XCBuildConfiguration;
			buildSettings = {
				ALWAYS_SEARCH_USER_PATHS = NO;
				CLANG_ANALYZER_NONNULL = YES;
				CLANG_ANALYZER_NUMBER_OBJECT_CONVERSION = YES_AGGRESSIVE;
				CLANG_CXX_LANGUAGE_STANDARD = "gnu++20";
				CLANG_ENABLE_MODULES = YES;
				CLANG_ENABLE_OBJC_ARC = YES;
				CLANG_ENABLE_OBJC_WEAK = YES;
				CLANG_WARN_BLOCK_CAPTURE_AUTORELEASING = YES;
				CLANG_WARN_BOOL_CONVERSION = YES;
				CLANG_WARN_COMMA = YES;
				CLANG_WARN_CONSTANT_CONVERSION = YES;
				CLANG_WARN_DEPRECATED_OBJC_IMPLEMENTATIONS = YES;
				CLANG_WARN_DIRECT_OBJC_ISA_USAGE = YES_ERROR;
				CLANG_WARN_DOCUMENTATION_COMMENTS = YES;
				CLANG_WARN_EMPTY_BODY = YES;
				CLANG_WARN_ENUM_CONVERSION = YES;
				CLANG_WARN_INFINITE_RECURSION = YES;
				CLANG_WARN_INT_CONVERSION = YES;
				CLANG_WARN_NON_LITERAL_NULL_CONVERSION = YES;
				CLANG_WARN_OBJC_IMPLICIT_RETAIN_SELF = YES;
				CLANG_WARN_OBJC_LITERAL_CONVERSION = YES;
				CLANG_WARN_OBJC_ROOT_CLASS = YES_ERROR;
				CLANG_WARN_QUOTED_INCLUDE_IN_FRAMEWORK_HEADER = YES;
				CLANG_WARN_RANGE_LOOP_ANALYSIS = YES;
				CLANG_WARN_STRICT_PROTOTYPES = YES;
				CLANG_WARN_SUSPICIOUS_MOVE = YES;
				CLANG_WARN_UNGUARDED_AVAILABILITY = YES_AGGRESSIVE;
				CLANG_WARN_UNREACHABLE_CODE = YES;
				CLANG_WARN__DUPLICATE_METHOD_MATCH = YES;
				COPY_PHASE_STRIP = NO;
				DEBUG_INFORMATION_FORMAT = dwarf;
				ENABLE_STRICT_OBJC_MSGSEND = YES;
				ENABLE_TESTABILITY = YES;
				GCC_C_LANGUAGE_STANDARD = gnu11;
				GCC_DYNAMIC_NO_PIC = NO;
				GCC_NO_COMMON_BLOCKS = YES;
				GCC_OPTIMIZATION_LEVEL = 0;
				GCC_PREPROCESSOR_DEFINITIONS = (
					"DEBUG=1",
					"$(inherited)",
				);
				GCC_WARN_64_TO_32_BIT_CONVERSION = YES;
				GCC_WARN_ABOUT_RETURN_TYPE = YES_ERROR;
				GCC_WARN_UNDECLARED_SELECTOR = YES;
				GCC_WARN_UNINITIALIZED_AUTOS = YES_AGGRESSIVE;
				GCC_WARN_UNUSED_FUNCTION = YES;
				GCC_WARN_UNUSED_VARIABLE = YES;
				IPHONEOS_DEPLOYMENT_TARGET = 16.0;
				MTL_ENABLE_DEBUG_INFO = INCLUDE_SOURCE;
				MTL_FAST_MATH = YES;
				ONLY_ACTIVE_ARCH = YES;
				SDKROOT = iphoneos;
				SWIFT_ACTIVE_COMPILATION_CONDITIONS = DEBUG;
				SWIFT_OPTIMIZATION_LEVEL = "-Onone";
			};
			name = Debug;
		};
		1F4BEAA9290FA3A900D2C7CA /* Release */ = {
			isa = XCBuildConfiguration;
			buildSettings = {
				ALWAYS_SEARCH_USER_PATHS = NO;
				CLANG_ANALYZER_NONNULL = YES;
				CLANG_ANALYZER_NUMBER_OBJECT_CONVERSION = YES_AGGRESSIVE;
				CLANG_CXX_LANGUAGE_STANDARD = "gnu++20";
				CLANG_ENABLE_MODULES = YES;
				CLANG_ENABLE_OBJC_ARC = YES;
				CLANG_ENABLE_OBJC_WEAK = YES;
				CLANG_WARN_BLOCK_CAPTURE_AUTORELEASING = YES;
				CLANG_WARN_BOOL_CONVERSION = YES;
				CLANG_WARN_COMMA = YES;
				CLANG_WARN_CONSTANT_CONVERSION = YES;
				CLANG_WARN_DEPRECATED_OBJC_IMPLEMENTATIONS = YES;
				CLANG_WARN_DIRECT_OBJC_ISA_USAGE = YES_ERROR;
				CLANG_WARN_DOCUMENTATION_COMMENTS = YES;
				CLANG_WARN_EMPTY_BODY = YES;
				CLANG_WARN_ENUM_CONVERSION = YES;
				CLANG_WARN_INFINITE_RECURSION = YES;
				CLANG_WARN_INT_CONVERSION = YES;
				CLANG_WARN_NON_LITERAL_NULL_CONVERSION = YES;
				CLANG_WARN_OBJC_IMPLICIT_RETAIN_SELF = YES;
				CLANG_WARN_OBJC_LITERAL_CONVERSION = YES;
				CLANG_WARN_OBJC_ROOT_CLASS = YES_ERROR;
				CLANG_WARN_QUOTED_INCLUDE_IN_FRAMEWORK_HEADER = YES;
				CLANG_WARN_RANGE_LOOP_ANALYSIS = YES;
				CLANG_WARN_STRICT_PROTOTYPES = YES;
				CLANG_WARN_SUSPICIOUS_MOVE = YES;
				CLANG_WARN_UNGUARDED_AVAILABILITY = YES_AGGRESSIVE;
				CLANG_WARN_UNREACHABLE_CODE = YES;
				CLANG_WARN__DUPLICATE_METHOD_MATCH = YES;
				COPY_PHASE_STRIP = NO;
				DEBUG_INFORMATION_FORMAT = "dwarf-with-dsym";
				ENABLE_NS_ASSERTIONS = NO;
				ENABLE_STRICT_OBJC_MSGSEND = YES;
				GCC_C_LANGUAGE_STANDARD = gnu11;
				GCC_NO_COMMON_BLOCKS = YES;
				GCC_WARN_64_TO_32_BIT_CONVERSION = YES;
				GCC_WARN_ABOUT_RETURN_TYPE = YES_ERROR;
				GCC_WARN_UNDECLARED_SELECTOR = YES;
				GCC_WARN_UNINITIALIZED_AUTOS = YES_AGGRESSIVE;
				GCC_WARN_UNUSED_FUNCTION = YES;
				GCC_WARN_UNUSED_VARIABLE = YES;
				IPHONEOS_DEPLOYMENT_TARGET = 16.0;
				MTL_ENABLE_DEBUG_INFO = NO;
				MTL_FAST_MATH = YES;
				SDKROOT = iphoneos;
				SWIFT_COMPILATION_MODE = wholemodule;
				SWIFT_OPTIMIZATION_LEVEL = "-O";
				VALIDATE_PRODUCT = YES;
			};
			name = Release;
		};
		1F4BEAAB290FA3A900D2C7CA /* Debug */ = {
			isa = XCBuildConfiguration;
			buildSettings = {
				ASSETCATALOG_COMPILER_APPICON_NAME = AppIcon;
				ASSETCATALOG_COMPILER_GLOBAL_ACCENT_COLOR_NAME = AccentColor;
				CODE_SIGN_STYLE = Automatic;
				CURRENT_PROJECT_VERSION = 1;
				DEVELOPMENT_ASSET_PATHS = "\"SwiftUIBase/Preview Content\"";
				ENABLE_PREVIEWS = YES;
				GENERATE_INFOPLIST_FILE = YES;
				INFOPLIST_KEY_UIApplicationSceneManifest_Generation = YES;
				INFOPLIST_KEY_UIApplicationSupportsIndirectInputEvents = YES;
				INFOPLIST_KEY_UILaunchScreen_Generation = YES;
				INFOPLIST_KEY_UISupportedInterfaceOrientations_iPad = "UIInterfaceOrientationPortrait UIInterfaceOrientationPortraitUpsideDown UIInterfaceOrientationLandscapeLeft UIInterfaceOrientationLandscapeRight";
				INFOPLIST_KEY_UISupportedInterfaceOrientations_iPhone = "UIInterfaceOrientationPortrait UIInterfaceOrientationLandscapeLeft UIInterfaceOrientationLandscapeRight";
				LD_RUNPATH_SEARCH_PATHS = (
					"$(inherited)",
					"@executable_path/Frameworks",
				);
				MARKETING_VERSION = 1.0;
				PRODUCT_BUNDLE_IDENTIFIER = study.SwiftUIBase;
				PRODUCT_NAME = "$(TARGET_NAME)";
				SWIFT_EMIT_LOC_STRINGS = YES;
				SWIFT_VERSION = 5.0;
				TARGETED_DEVICE_FAMILY = "1,2";
			};
			name = Debug;
		};
		1F4BEAAC290FA3A900D2C7CA /* Release */ = {
			isa = XCBuildConfiguration;
			buildSettings = {
				ASSETCATALOG_COMPILER_APPICON_NAME = AppIcon;
				ASSETCATALOG_COMPILER_GLOBAL_ACCENT_COLOR_NAME = AccentColor;
				CODE_SIGN_STYLE = Automatic;
				CURRENT_PROJECT_VERSION = 1;
				DEVELOPMENT_ASSET_PATHS = "\"SwiftUIBase/Preview Content\"";
				ENABLE_PREVIEWS = YES;
				GENERATE_INFOPLIST_FILE = YES;
				INFOPLIST_KEY_UIApplicationSceneManifest_Generation = YES;
				INFOPLIST_KEY_UIApplicationSupportsIndirectInputEvents = YES;
				INFOPLIST_KEY_UILaunchScreen_Generation = YES;
				INFOPLIST_KEY_UISupportedInterfaceOrientations_iPad = "UIInterfaceOrientationPortrait UIInterfaceOrientationPortraitUpsideDown UIInterfaceOrientationLandscapeLeft UIInterfaceOrientationLandscapeRight";
				INFOPLIST_KEY_UISupportedInterfaceOrientations_iPhone = "UIInterfaceOrientationPortrait UIInterfaceOrientationLandscapeLeft UIInterfaceOrientationLandscapeRight";
				LD_RUNPATH_SEARCH_PATHS = (
					"$(inherited)",
					"@executable_path/Frameworks",
				);
				MARKETING_VERSION = 1.0;
				PRODUCT_BUNDLE_IDENTIFIER = study.SwiftUIBase;
				PRODUCT_NAME = "$(TARGET_NAME)";
				SWIFT_EMIT_LOC_STRINGS = YES;
				SWIFT_VERSION = 5.0;
				TARGETED_DEVICE_FAMILY = "1,2";
			};
			name = Release;
		};
/* End XCBuildConfiguration section */

/* Begin XCConfigurationList section */
		1F4BEA97290FA3A700D2C7CA /* Build configuration list for PBXProject "SwiftUIBase" */ = {
			isa = XCConfigurationList;
			buildConfigurations = (
				1F4BEAA8290FA3A900D2C7CA /* Debug */,
				1F4BEAA9290FA3A900D2C7CA /* Release */,
			);
			defaultConfigurationIsVisible = 0;
			defaultConfigurationName = Release;
		};
		1F4BEAAA290FA3A900D2C7CA /* Build configuration list for PBXNativeTarget "SwiftUIBase" */ = {
			isa = XCConfigurationList;
			buildConfigurations = (
				1F4BEAAB290FA3A900D2C7CA /* Debug */,
				1F4BEAAC290FA3A900D2C7CA /* Release */,
			);
			defaultConfigurationIsVisible = 0;
			defaultConfigurationName = Release;
		};
/* End XCConfigurationList section */

/* Begin XCRemoteSwiftPackageReference section */
		1F4BEAC1290FA9D300D2C7CA /* XCRemoteSwiftPackageReference "APIHelper" */ = {
			isa = XCRemoteSwiftPackageReference;
			repositoryURL = "https://github.com/TechjaysSwiftPackages/APIHelper.git";
			requirement = {
				branch = main;
				kind = branch;
			};
		};
/* End XCRemoteSwiftPackageReference section */

/* Begin XCSwiftPackageProductDependency section */
		1F4BEAC2290FA9D300D2C7CA /* TechjaysAPIHelper */ = {
			isa = XCSwiftPackageProductDependency;
			package = 1F4BEAC1290FA9D300D2C7CA /* XCRemoteSwiftPackageReference "APIHelper" */;
			productName = TechjaysAPIHelper;
		};
/* End XCSwiftPackageProductDependency section */
	};
	rootObject = 1F4BEA94290FA3A700D2C7CA /* Project object */;
}
